
Microsoft Visual Studio Solution File, Format Version 12.00
# Visual Studio Version 17
VisualStudioVersion = 17.11.35222.181
MinimumVisualStudioVersion = 10.0.40219.1
Project("{FAE04EC0-301F-11D3-BF4B-00C04F79EFBC}") = "Northwind_Windows_Application", "Northwind_Windows_Application\Northwind_Windows_Application.csproj", "{9E0FEDC8-527E-4015-A511-93BDC62DB9E7}"
EndProject
Project("{FAE04EC0-301F-11D3-BF4B-00C04F79EFBC}") = "DataAccessLayer", "DataAccessLayer\DataAccessLayer.csproj", "{AE7CFD72-66CC-4972-A00A-AC65FD593912}"
EndProject
Global
	GlobalSection(SolutionConfigurationPlatforms) = preSolution
		Debug|Any CPU = Debug|Any CPU
		Release|Any CPU = Release|Any CPU
	EndGlobalSection
	GlobalSection(ProjectConfigurationPlatforms) = postSolution
		{9E0FEDC8-527E-4015-A511-93BDC62DB9E7}.Debug|Any CPU.ActiveCfg = Debug|Any CPU
		{9E0FEDC8-527E-4015-A511-93BDC62DB9E7}.Debug|Any CPU.Build.0 = Debug|Any CPU
		{9E0FEDC8-527E-4015-A511-93BDC62DB9E7}.Release|Any CPU.ActiveCfg = Release|Any CPU
		{9E0FEDC8-527E-4015-A511-93BDC62DB9E7}.Release|Any CPU.Build.0 = Release|Any CPU
		{AE7CFD72-66CC-4972-A00A-AC65FD593912}.Debug|Any CPU.ActiveCfg = Debug|Any CPU
		{AE7CFD72-66CC-4972-A00A-AC65FD593912}.Debug|Any CPU.Build.0 = Debug|Any CPU
		{AE7CFD72-66CC-4972-A00A-AC65FD593912}.Release|Any CPU.ActiveCfg = Release|Any CPU
		{AE7CFD72-66CC-4972-A00A-AC65FD593912}.Release|Any CPU.Build.0 = Release|Any CPU
	EndGlobalSection
	GlobalSection(SolutionProperties) = preSolution
		HideSolutionNode = FALSE
	EndGlobalSection
	GlobalSection(ExtensibilityGlobals) = postSolution
		SolutionGuid = {4181B63A-AA8B-4FE5-ABF1-990FED42C818}
	EndGlobalSection
EndGlobal
